
Microsoft Visual Studio Solution File, Format Version 12.00
# Visual Studio Version 16
VisualStudioVersion = 16.0.30717.126
MinimumVisualStudioVersion = 10.0.40219.1
Project("{FAE04EC0-301F-11D3-BF4B-00C04F79EFBC}") = "AzureKeyVaultAspNetCoreApp", "AzureKeyVaultAspNetCoreApp.csproj", "{67B435F9-1506-4FF7-ABBD-E9E71B1C31E4}"
EndProject
Global
	GlobalSection(SolutionConfigurationPlatforms) = preSolution
		Debug|Any CPU = Debug|Any CPU
		Release|Any CPU = Release|Any CPU
	EndGlobalSection
	GlobalSection(ProjectConfigurationPlatforms) = postSolution
		{67B435F9-1506-4FF7-ABBD-E9E71B1C31E4}.Debug|Any CPU.ActiveCfg = Debug|Any CPU
		{67B435F9-1506-4FF7-ABBD-E9E71B1C31E4}.Debug|Any CPU.Build.0 = Debug|Any CPU
		{67B435F9-1506-4FF7-ABBD-E9E71B1C31E4}.Release|Any CPU.ActiveCfg = Release|Any CPU
		{67B435F9-1506-4FF7-ABBD-E9E71B1C31E4}.Release|Any CPU.Build.0 = Release|Any CPU
	EndGlobalSection
	GlobalSection(SolutionProperties) = preSolution
		HideSolutionNode = FALSE
	EndGlobalSection
	GlobalSection(ExtensibilityGlobals) = postSolution
		SolutionGuid = {CC89BFD1-65E2-41D9-B9C4-E51566CE1A4C}
	EndGlobalSection
EndGlobal
